// !$*UTF8*$!
{
	archiveVersion = 1;
	classes = {
	};
	objectVersion = 46;
	objects = {

/* Begin PBXBuildFile section */
		59021E1F1E356A40001ADB35 /* AppDelegate.swift in Sources */ = {isa = PBXBuildFile; fileRef = 59021E1E1E356A40001ADB35 /* AppDelegate.swift */; };
		59021E211E356A40001ADB35 /* ViewController.swift in Sources */ = {isa = PBXBuildFile; fileRef = 59021E201E356A40001ADB35 /* ViewController.swift */; };
		59021E241E356A40001ADB35 /* Main.storyboard in Resources */ = {isa = PBXBuildFile; fileRef = 59021E221E356A40001ADB35 /* Main.storyboard */; };
		59021E261E356A40001ADB35 /* Assets.xcassets in Resources */ = {isa = PBXBuildFile; fileRef = 59021E251E356A40001ADB35 /* Assets.xcassets */; };
		59021E291E356A40001ADB35 /* LaunchScreen.storyboard in Resources */ = {isa = PBXBuildFile; fileRef = 59021E271E356A40001ADB35 /* LaunchScreen.storyboard */; };
		59021E341E356A40001ADB35 /* FoodTrackerTests.swift in Sources */ = {isa = PBXBuildFile; fileRef = 59021E331E356A40001ADB35 /* FoodTrackerTests.swift */; };
		59021E3F1E356A40001ADB35 /* FoodTrackerUITests.swift in Sources */ = {isa = PBXBuildFile; fileRef = 59021E3E1E356A40001ADB35 /* FoodTrackerUITests.swift */; };
		5911C61C1E4299140041F545 /* RatingControl.swift in Sources */ = {isa = PBXBuildFile; fileRef = 5911C61B1E4299140041F545 /* RatingControl.swift */; };
		59D4209E1E5B950C00E00E85 /* Meal.swift in Sources */ = {isa = PBXBuildFile; fileRef = 59D4209D1E5B950C00E00E85 /* Meal.swift */; };
/* End PBXBuildFile section */

/* Begin PBXContainerItemProxy section */
		59021E301E356A40001ADB35 /* PBXContainerItemProxy */ = {
			isa = PBXContainerItemProxy;
			containerPortal = 59021E131E356A40001ADB35 /* Project object */;
			proxyType = 1;
			remoteGlobalIDString = 59021E1A1E356A40001ADB35;
			remoteInfo = FoodTracker;
		};
		59021E3B1E356A40001ADB35 /* PBXContainerItemProxy */ = {
			isa = PBXContainerItemProxy;
			containerPortal = 59021E131E356A40001ADB35 /* Project object */;
			proxyType = 1;
			remoteGlobalIDString = 59021E1A1E356A40001ADB35;
			remoteInfo = FoodTracker;
		};
/* End PBXContainerItemProxy section */

/* Begin PBXFileReference section */
		59021E1B1E356A40001ADB35 /* FoodTracker.app */ = {isa = PBXFileReference; explicitFileType = wrapper.application; includeInIndex = 0; path = FoodTracker.app; sourceTree = BUILT_PRODUCTS_DIR; };
		59021E1E1E356A40001ADB35 /* AppDelegate.swift */ = {isa = PBXFileReference; lastKnownFileType = sourcecode.swift; path = AppDelegate.swift; sourceTree = "<group>"; };
		59021E201E356A40001ADB35 /* ViewController.swift */ = {isa = PBXFileReference; lastKnownFileType = sourcecode.swift; path = ViewController.swift; sourceTree = "<group>"; };
		59021E231E356A40001ADB35 /* Base */ = {isa = PBXFileReference; lastKnownFileType = file.storyboard; name = Base; path = Base.lproj/Main.storyboard; sourceTree = "<group>"; };
		59021E251E356A40001ADB35 /* Assets.xcassets */ = {isa = PBXFileReference; lastKnownFileType = folder.assetcatalog; path = Assets.xcassets; sourceTree = "<group>"; };
		59021E281E356A40001ADB35 /* Base */ = {isa = PBXFileReference; lastKnownFileType = file.storyboard; name = Base; path = Base.lproj/LaunchScreen.storyboard; sourceTree = "<group>"; };
		59021E2A1E356A40001ADB35 /* Info.plist */ = {isa = PBXFileReference; lastKnownFileType = text.plist.xml; path = Info.plist; sourceTree = "<group>"; };
		59021E2F1E356A40001ADB35 /* FoodTrackerTests.xctest */ = {isa = PBXFileReference; explicitFileType = wrapper.cfbundle; includeInIndex = 0; path = FoodTrackerTests.xctest; sourceTree = BUILT_PRODUCTS_DIR; };
		59021E331E356A40001ADB35 /* FoodTrackerTests.swift */ = {isa = PBXFileReference; lastKnownFileType = sourcecode.swift; path = FoodTrackerTests.swift; sourceTree = "<group>"; };
		59021E351E356A40001ADB35 /* Info.plist */ = {isa = PBXFileReference; lastKnownFileType = text.plist.xml; path = Info.plist; sourceTree = "<group>"; };
		59021E3A1E356A40001ADB35 /* FoodTrackerUITests.xctest */ = {isa = PBXFileReference; explicitFileType = wrapper.cfbundle; includeInIndex = 0; path = FoodTrackerUITests.xctest; sourceTree = BUILT_PRODUCTS_DIR; };
		59021E3E1E356A40001ADB35 /* FoodTrackerUITests.swift */ = {isa = PBXFileReference; lastKnownFileType = sourcecode.swift; path = FoodTrackerUITests.swift; sourceTree = "<group>"; };
		59021E401E356A40001ADB35 /* Info.plist */ = {isa = PBXFileReference; lastKnownFileType = text.plist.xml; path = Info.plist; sourceTree = "<group>"; };
		5911C61B1E4299140041F545 /* RatingControl.swift */ = {isa = PBXFileReference; fileEncoding = 4; lastKnownFileType = sourcecode.swift; path = RatingControl.swift; sourceTree = "<group>"; };
		59D4209D1E5B950C00E00E85 /* Meal.swift */ = {isa = PBXFileReference; fileEncoding = 4; lastKnownFileType = sourcecode.swift; path = Meal.swift; sourceTree = "<group>"; };
/* End PBXFileReference section */

/* Begin PBXFrameworksBuildPhase section */
		59021E181E356A40001ADB35 /* Frameworks */ = {
			isa = PBXFrameworksBuildPhase;
			buildActionMask = 2147483647;
			files = (
			);
			runOnlyForDeploymentPostprocessing = 0;
		};
		59021E2C1E356A40001ADB35 /* Frameworks */ = {
			isa = PBXFrameworksBuildPhase;
			buildActionMask = 2147483647;
			files = (
			);
			runOnlyForDeploymentPostprocessing = 0;
		};
		59021E371E356A40001ADB35 /* Frameworks */ = {
			isa = PBXFrameworksBuildPhase;
			buildActionMask = 2147483647;
			files = (
			);
			runOnlyForDeploymentPostprocessing = 0;
		};
/* End PBXFrameworksBuildPhase section */

/* Begin PBXGroup section */
		59021E121E356A40001ADB35 = {
			isa = PBXGroup;
			children = (
				59021E1D1E356A40001ADB35 /* FoodTracker */,
				59021E321E356A40001ADB35 /* FoodTrackerTests */,
				59021E3D1E356A40001ADB35 /* FoodTrackerUITests */,
				59021E1C1E356A40001ADB35 /* Products */,
			);
			sourceTree = "<group>";
		};
		59021E1C1E356A40001ADB35 /* Products */ = {
			isa = PBXGroup;
			children = (
				59021E1B1E356A40001ADB35 /* FoodTracker.app */,
				59021E2F1E356A40001ADB35 /* FoodTrackerTests.xctest */,
				59021E3A1E356A40001ADB35 /* FoodTrackerUITests.xctest */,
			);
			name = Products;
			sourceTree = "<group>";
		};
		59021E1D1E356A40001ADB35 /* FoodTracker */ = {
			isa = PBXGroup;
			children = (
				59021E1E1E356A40001ADB35 /* AppDelegate.swift */,
				59021E201E356A40001ADB35 /* ViewController.swift */,
				59D4209D1E5B950C00E00E85 /* Meal.swift */,
				5911C61B1E4299140041F545 /* RatingControl.swift */,
				59021E221E356A40001ADB35 /* Main.storyboard */,
				59021E251E356A40001ADB35 /* Assets.xcassets */,
				59021E271E356A40001ADB35 /* LaunchScreen.storyboard */,
				59021E2A1E356A40001ADB35 /* Info.plist */,
			);
			path = FoodTracker;
			sourceTree = "<group>";
		};
		59021E321E356A40001ADB35 /* FoodTrackerTests */ = {
			isa = PBXGroup;
			children = (
				59021E331E356A40001ADB35 /* FoodTrackerTests.swift */,
				59021E351E356A40001ADB35 /* Info.plist */,
			);
			path = FoodTrackerTests;
			sourceTree = "<group>";
		};
		59021E3D1E356A40001ADB35 /* FoodTrackerUITests */ = {
			isa = PBXGroup;
			children = (
				59021E3E1E356A40001ADB35 /* FoodTrackerUITests.swift */,
				59021E401E356A40001ADB35 /* Info.plist */,
			);
			path = FoodTrackerUITests;
			sourceTree = "<group>";
		};
/* End PBXGroup section */

/* Begin PBXNativeTarget section */
		59021E1A1E356A40001ADB35 /* FoodTracker */ = {
			isa = PBXNativeTarget;
			buildConfigurationList = 59021E431E356A40001ADB35 /* Build configuration list for PBXNativeTarget "FoodTracker" */;
			buildPhases = (
				59021E171E356A40001ADB35 /* Sources */,
				59021E181E356A40001ADB35 /* Frameworks */,
				59021E191E356A40001ADB35 /* Resources */,
			);
			buildRules = (
			);
			dependencies = (
			);
			name = FoodTracker;
			productName = FoodTracker;
			productReference = 59021E1B1E356A40001ADB35 /* FoodTracker.app */;
			productType = "com.apple.product-type.application";
		};
		59021E2E1E356A40001ADB35 /* FoodTrackerTests */ = {
			isa = PBXNativeTarget;
			buildConfigurationList = 59021E461E356A40001ADB35 /* Build configuration list for PBXNativeTarget "FoodTrackerTests" */;
			buildPhases = (
				59021E2B1E356A40001ADB35 /* Sources */,
				59021E2C1E356A40001ADB35 /* Frameworks */,
				59021E2D1E356A40001ADB35 /* Resources */,
			);
			buildRules = (
			);
			dependencies = (
				59021E311E356A40001ADB35 /* PBXTargetDependency */,
			);
			name = FoodTrackerTests;
			productName = FoodTrackerTests;
			productReference = 59021E2F1E356A40001ADB35 /* FoodTrackerTests.xctest */;
			productType = "com.apple.product-type.bundle.unit-test";
		};
		59021E391E356A40001ADB35 /* FoodTrackerUITests */ = {
			isa = PBXNativeTarget;
			buildConfigurationList = 59021E491E356A40001ADB35 /* Build configuration list for PBXNativeTarget "FoodTrackerUITests" */;
			buildPhases = (
				59021E361E356A40001ADB35 /* Sources */,
				59021E371E356A40001ADB35 /* Frameworks */,
				59021E381E356A40001ADB35 /* Resources */,
			);
			buildRules = (
			);
			dependencies = (
				59021E3C1E356A40001ADB35 /* PBXTargetDependency */,
			);
			name = FoodTrackerUITests;
			productName = FoodTrackerUITests;
			productReference = 59021E3A1E356A40001ADB35 /* FoodTrackerUITests.xctest */;
			productType = "com.apple.product-type.bundle.ui-testing";
		};
/* End PBXNativeTarget section */

/* Begin PBXProject section */
		59021E131E356A40001ADB35 /* Project object */ = {
			isa = PBXProject;
			attributes = {
				LastSwiftUpdateCheck = 0810;
				LastUpgradeCheck = 0820;
				ORGANIZATIONNAME = Engineering;
				TargetAttributes = {
					59021E1A1E356A40001ADB35 = {
						CreatedOnToolsVersion = 8.1;
						DevelopmentTeam = 7Z42KAVL8N;
						ProvisioningStyle = Automatic;
					};
					59021E2E1E356A40001ADB35 = {
						CreatedOnToolsVersion = 8.1;
						ProvisioningStyle = Automatic;
						TestTargetID = 59021E1A1E356A40001ADB35;
					};
					59021E391E356A40001ADB35 = {
						CreatedOnToolsVersion = 8.1;
						ProvisioningStyle = Automatic;
						TestTargetID = 59021E1A1E356A40001ADB35;
					};
				};
			};
			buildConfigurationList = 59021E161E356A40001ADB35 /* Build configuration list for PBXProject "FoodTracker" */;
			compatibilityVersion = "Xcode 3.2";
			developmentRegion = English;
			hasScannedForEncodings = 0;
			knownRegions = (
				en,
				Base,
			);
			mainGroup = 59021E121E356A40001ADB35;
			productRefGroup = 59021E1C1E356A40001ADB35 /* Products */;
			projectDirPath = "";
			projectRoot = "";
			targets = (
				59021E1A1E356A40001ADB35 /* FoodTracker */,
				59021E2E1E356A40001ADB35 /* FoodTrackerTests */,
				59021E391E356A40001ADB35 /* FoodTrackerUITests */,
			);
		};
/* End PBXProject section */

/* Begin PBXResourcesBuildPhase section */
		59021E191E356A40001ADB35 /* Resources */ = {
			isa = PBXResourcesBuildPhase;
			buildActionMask = 2147483647;
			files = (
				59021E291E356A40001ADB35 /* LaunchScreen.storyboard in Resources */,
				59021E261E356A40001ADB35 /* Assets.xcassets in Resources */,
				59021E241E356A40001ADB35 /* Main.storyboard in Resources */,
			);
			runOnlyForDeploymentPostprocessing = 0;
		};
		59021E2D1E356A40001ADB35 /* Resources */ = {
			isa = PBXResourcesBuildPhase;
			buildActionMask = 2147483647;
			files = (
			);
			runOnlyForDeploymentPostprocessing = 0;
		};
		59021E381E356A40001ADB35 /* Resources */ = {
			isa = PBXResourcesBuildPhase;
			buildActionMask = 2147483647;
			files = (
			);
			runOnlyForDeploymentPostprocessing = 0;
		};
/* End PBXResourcesBuildPhase section */

/* Begin PBXSourcesBuildPhase section */
		59021E171E356A40001ADB35 /* Sources */ = {
			isa = PBXSourcesBuildPhase;
			buildActionMask = 2147483647;
			files = (
				59D4209E1E5B950C00E00E85 /* Meal.swift in Sources */,
				59021E211E356A40001ADB35 /* ViewController.swift in Sources */,
				5911C61C1E4299140041F545 /* RatingControl.swift in Sources */,
				59021E1F1E356A40001ADB35 /* AppDelegate.swift in Sources */,
			);
			runOnlyForDeploymentPostprocessing = 0;
		};
		59021E2B1E356A40001ADB35 /* Sources */ = {
			isa = PBXSourcesBuildPhase;
			buildActionMask = 2147483647;
			files = (
				59021E341E356A40001ADB35 /* FoodTrackerTests.swift in Sources */,
			);
			runOnlyForDeploymentPostprocessing = 0;
		};
		59021E361E356A40001ADB35 /* Sources */ = {
			isa = PBXSourcesBuildPhase;
			buildActionMask = 2147483647;
			files = (
				59021E3F1E356A40001ADB35 /* FoodTrackerUITests.swift in Sources */,
			);
			runOnlyForDeploymentPostprocessing = 0;
		};
/* End PBXSourcesBuildPhase section */

/* Begin PBXTargetDependency section */
		59021E311E356A40001ADB35 /* PBXTargetDependency */ = {
			isa = PBXTargetDependency;
			target = 59021E1A1E356A40001ADB35 /* FoodTracker */;
			targetProxy = 59021E301E356A40001ADB35 /* PBXContainerItemProxy */;
		};
		59021E3C1E356A40001ADB35 /* PBXTargetDependency */ = {
			isa = PBXTargetDependency;
			target = 59021E1A1E356A40001ADB35 /* FoodTracker */;
			targetProxy = 59021E3B1E356A40001ADB35 /* PBXContainerItemProxy */;
		};
/* End PBXTargetDependency section */

/* Begin PBXVariantGroup section */
		59021E221E356A40001ADB35 /* Main.storyboard */ = {
			isa = PBXVariantGroup;
			children = (
				59021E231E356A40001ADB35 /* Base */,
			);
			name = Main.storyboard;
			sourceTree = "<group>";
		};
		59021E271E356A40001ADB35 /* LaunchScreen.storyboard */ = {
			isa = PBXVariantGroup;
			children = (
				59021E281E356A40001ADB35 /* Base */,
			);
			name = LaunchScreen.storyboard;
			sourceTree = "<group>";
		};
/* End PBXVariantGroup section */

/* Begin XCBuildConfiguration section */
		59021E411E356A40001ADB35 /* Debug */ = {
			isa = XCBuildConfiguration;
			buildSettings = {
				ALWAYS_SEARCH_USER_PATHS = NO;
				CLANG_ANALYZER_NONNULL = YES;
				CLANG_CXX_LANGUAGE_STANDARD = "gnu++0x";
				CLANG_CXX_LIBRARY = "libc++";
				CLANG_ENABLE_MODULES = YES;
				CLANG_ENABLE_OBJC_ARC = YES;
				CLANG_WARN_BOOL_CONVERSION = YES;
				CLANG_WARN_CONSTANT_CONVERSION = YES;
				CLANG_WARN_DIRECT_OBJC_ISA_USAGE = YES_ERROR;
				CLANG_WARN_DOCUMENTATION_COMMENTS = YES;
				CLANG_WARN_EMPTY_BODY = YES;
				CLANG_WARN_ENUM_CONVERSION = YES;
				CLANG_WARN_INFINITE_RECURSION = YES;
				CLANG_WARN_INT_CONVERSION = YES;
				CLANG_WARN_OBJC_ROOT_CLASS = YES_ERROR;
				CLANG_WARN_SUSPICIOUS_MOVE = YES;
				CLANG_WARN_SUSPICIOUS_MOVES = YES;
				CLANG_WARN_UNREACHABLE_CODE = YES;
				CLANG_WARN__DUPLICATE_METHOD_MATCH = YES;
				CODE_SIGN_IDENTITY = "iPhone Developer";
				"CODE_SIGN_IDENTITY[sdk=iphoneos*]" = "iPhone Developer";
				COPY_PHASE_STRIP = NO;
				DEBUG_INFORMATION_FORMAT = dwarf;
				ENABLE_STRICT_OBJC_MSGSEND = YES;
				ENABLE_TESTABILITY = YES;
				GCC_C_LANGUAGE_STANDARD = gnu99;
				GCC_DYNAMIC_NO_PIC = NO;
				GCC_NO_COMMON_BLOCKS = YES;
				GCC_OPTIMIZATION_LEVEL = 0;
				GCC_PREPROCESSOR_DEFINITIONS = (
					"DEBUG=1",
					"$(inherited)",
				);
				GCC_WARN_64_TO_32_BIT_CONVERSION = YES;
				GCC_WARN_ABOUT_RETURN_TYPE = YES_ERROR;
				GCC_WARN_UNDECLARED_SELECTOR = YES;
				GCC_WARN_UNINITIALIZED_AUTOS = YES_AGGRESSIVE;
				GCC_WARN_UNUSED_FUNCTION = YES;
				GCC_WARN_UNUSED_VARIABLE = YES;
				IPHONEOS_DEPLOYMENT_TARGET = 10.1;
				MTL_ENABLE_DEBUG_INFO = YES;
				ONLY_ACTIVE_ARCH = YES;
				SDKROOT = iphoneos;
				SWIFT_ACTIVE_COMPILATION_CONDITIONS = DEBUG;
				SWIFT_OPTIMIZATION_LEVEL = "-Onone";
				TARGETED_DEVICE_FAMILY = "1,2";
			};
			name = Debug;
		};
		59021E421E356A40001ADB35 /* Release */ = {
			isa = XCBuildConfiguration;
			buildSettings = {
				ALWAYS_SEARCH_USER_PATHS = NO;
				CLANG_ANALYZER_NONNULL = YES;
				CLANG_CXX_LANGUAGE_STANDARD = "gnu++0x";
				CLANG_CXX_LIBRARY = "libc++";
				CLANG_ENABLE_MODULES = YES;
				CLANG_ENABLE_OBJC_ARC = YES;
				CLANG_WARN_BOOL_CONVERSION = YES;
				CLANG_WARN_CONSTANT_CONVERSION = YES;
				CLANG_WARN_DIRECT_OBJC_ISA_USAGE = YES_ERROR;
				CLANG_WARN_DOCUMENTATION_COMMENTS = YES;
				CLANG_WARN_EMPTY_BODY = YES;
				CLANG_WARN_ENUM_CONVERSION = YES;
				CLANG_WARN_INFINITE_RECURSION = YES;
				CLANG_WARN_INT_CONVERSION = YES;
				CLANG_WARN_OBJC_ROOT_CLASS = YES_ERROR;
				CLANG_WARN_SUSPICIOUS_MOVE = YES;
				CLANG_WARN_SUSPICIOUS_MOVES = YES;
				CLANG_WARN_UNREACHABLE_CODE = YES;
				CLANG_WARN__DUPLICATE_METHOD_MATCH = YES;
				CODE_SIGN_IDENTITY = "iPhone Developer";
				"CODE_SIGN_IDENTITY[sdk=iphoneos*]" = "iPhone Developer";
				COPY_PHASE_STRIP = NO;
				DEBUG_INFORMATION_FORMAT = "dwarf-with-dsym";
				ENABLE_NS_ASSERTIONS = NO;
				ENABLE_STRICT_OBJC_MSGSEND = YES;
				GCC_C_LANGUAGE_STANDARD = gnu99;
				GCC_NO_COMMON_BLOCKS = YES;
				GCC_WARN_64_TO_32_BIT_CONVERSION = YES;
				GCC_WARN_ABOUT_RETURN_TYPE = YES_ERROR;
				GCC_WARN_UNDECLARED_SELECTOR = YES;
				GCC_WARN_UNINITIALIZED_AUTOS = YES_AGGRESSIVE;
				GCC_WARN_UNUSED_FUNCTION = YES;
				GCC_WARN_UNUSED_VARIABLE = YES;
				IPHONEOS_DEPLOYMENT_TARGET = 10.1;
				MTL_ENABLE_DEBUG_INFO = NO;
				SDKROOT = iphoneos;
				SWIFT_OPTIMIZATION_LEVEL = "-Owholemodule";
				TARGETED_DEVICE_FAMILY = "1,2";
				VALIDATE_PRODUCT = YES;
			};
			name = Release;
		};
		59021E441E356A40001ADB35 /* Debug */ = {
			isa = XCBuildConfiguration;
			buildSettings = {
				ASSETCATALOG_COMPILER_APPICON_NAME = AppIcon;
				DEVELOPMENT_TEAM = 7Z42KAVL8N;
				INFOPLIST_FILE = FoodTracker/Info.plist;
				LD_RUNPATH_SEARCH_PATHS = "$(inherited) @executable_path/Frameworks";
				PRODUCT_BUNDLE_IDENTIFIER = ServantEngineeringETA.FoodTracker;
				PRODUCT_NAME = "$(TARGET_NAME)";
				SWIFT_VERSION = 3.0;
			};
			name = Debug;
		};
		59021E451E356A40001ADB35 /* Release */ = {
			isa = XCBuildConfiguration;
			buildSettings = {
				ASSETCATALOG_COMPILER_APPICON_NAME = AppIcon;
				DEVELOPMENT_TEAM = 7Z42KAVL8N;
				INFOPLIST_FILE = FoodTracker/Info.plist;
				LD_RUNPATH_SEARCH_PATHS = "$(inherited) @executable_path/Frameworks";
				PRODUCT_BUNDLE_IDENTIFIER = ServantEngineeringETA.FoodTracker;
				PRODUCT_NAME = "$(TARGET_NAME)";
				SWIFT_VERSION = 3.0;
			};
			name = Release;
		};
		59021E471E356A40001ADB35 /* Debug */ = {
			isa = XCBuildConfiguration;
			buildSettings = {
				ALWAYS_EMBED_SWIFT_STANDARD_LIBRARIES = YES;
				BUNDLE_LOADER = "$(TEST_HOST)";
				INFOPLIST_FILE = FoodTrackerTests/Info.plist;
				LD_RUNPATH_SEARCH_PATHS = "$(inherited) @executable_path/Frameworks @loader_path/Frameworks";
				PRODUCT_BUNDLE_IDENTIFIER = ServantEngineeringETA.FoodTrackerTests;
				PRODUCT_NAME = "$(TARGET_NAME)";
				SWIFT_VERSION = 3.0;
				TEST_HOST = "$(BUILT_PRODUCTS_DIR)/FoodTracker.app/FoodTracker";
			};
			name = Debug;
		};
		59021E481E356A40001ADB35 /* Release */ = {
			isa = XCBuildConfiguration;
			buildSettings = {
				ALWAYS_EMBED_SWIFT_STANDARD_LIBRARIES = YES;
				BUNDLE_LOADER = "$(TEST_HOST)";
				INFOPLIST_FILE = FoodTrackerTests/Info.plist;
				LD_RUNPATH_SEARCH_PATHS = "$(inherited) @executable_path/Frameworks @loader_path/Frameworks";
				PRODUCT_BUNDLE_IDENTIFIER = ServantEngineeringETA.FoodTrackerTests;
				PRODUCT_NAME = "$(TARGET_NAME)";
				SWIFT_VERSION = 3.0;
				TEST_HOST = "$(BUILT_PRODUCTS_DIR)/FoodTracker.app/FoodTracker";
			};
			name = Release;
		};
		59021E4A1E356A40001ADB35 /* Debug */ = {
			isa = XCBuildConfiguration;
			buildSettings = {
				ALWAYS_EMBED_SWIFT_STANDARD_LIBRARIES = YES;
				INFOPLIST_FILE = FoodTrackerUITests/Info.plist;
				LD_RUNPATH_SEARCH_PATHS = "$(inherited) @executable_path/Frameworks @loader_path/Frameworks";
				PRODUCT_BUNDLE_IDENTIFIER = ServantEngineeringETA.FoodTrackerUITests;
				PRODUCT_NAME = "$(TARGET_NAME)";
				SWIFT_VERSION = 3.0;
				TEST_TARGET_NAME = FoodTracker;
			};
			name = Debug;
		};
		59021E4B1E356A40001ADB35 /* Release */ = {
			isa = XCBuildConfiguration;
			buildSettings = {
				ALWAYS_EMBED_SWIFT_STANDARD_LIBRARIES = YES;
				INFOPLIST_FILE = FoodTrackerUITests/Info.plist;
				LD_RUNPATH_SEARCH_PATHS = "$(inherited) @executable_path/Frameworks @loader_path/Frameworks";
				PRODUCT_BUNDLE_IDENTIFIER = ServantEngineeringETA.FoodTrackerUITests;
				PRODUCT_NAME = "$(TARGET_NAME)";
				SWIFT_VERSION = 3.0;
				TEST_TARGET_NAME = FoodTracker;
			};
			name = Release;
		};
/* End XCBuildConfiguration section */

/* Begin XCConfigurationList section */
		59021E161E356A40001ADB35 /* Build configuration list for PBXProject "FoodTracker" */ = {
			isa = XCConfigurationList;
			buildConfigurations = (
				59021E411E356A40001ADB35 /* Debug */,
				59021E421E356A40001ADB35 /* Release */,
			);
			defaultConfigurationIsVisible = 0;
			defaultConfigurationName = Release;
		};
		59021E431E356A40001ADB35 /* Build configuration list for PBXNativeTarget "FoodTracker" */ = {
			isa = XCConfigurationList;
			buildConfigurations = (
				59021E441E356A40001ADB35 /* Debug */,
				59021E451E356A40001ADB35 /* Release */,
			);
			defaultConfigurationIsVisible = 0;
			defaultConfigurationName = Release;
		};
		59021E461E356A40001ADB35 /* Build configuration list for PBXNativeTarget "FoodTrackerTests" */ = {
			isa = XCConfigurationList;
			buildConfigurations = (
				59021E471E356A40001ADB35 /* Debug */,
				59021E481E356A40001ADB35 /* Release */,
			);
			defaultConfigurationIsVisible = 0;
			defaultConfigurationName = Release;
		};
		59021E491E356A40001ADB35 /* Build configuration list for PBXNativeTarget "FoodTrackerUITests" */ = {
			isa = XCConfigurationList;
			buildConfigurations = (
				59021E4A1E356A40001ADB35 /* Debug */,
				59021E4B1E356A40001ADB35 /* Release */,
			);
			defaultConfigurationIsVisible = 0;
			defaultConfigurationName = Release;
		};
/* End XCConfigurationList section */
	};
	rootObject = 59021E131E356A40001ADB35 /* Project object */;
}
